
Microsoft Visual Studio Solution File, Format Version 12.00
# Visual Studio 14
VisualStudioVersion = 14.0.25420.1
MinimumVisualStudioVersion = 10.0.40219.1
Project("{FAE04EC0-301F-11D3-BF4B-00C04F79EFBC}") = "Tulpep.NetworkAutoSwitch.Service", "Tulpep.NetworkAutoSwitch.Service\Tulpep.NetworkAutoSwitch.Service.csproj", "{C21510B8-4125-4501-91F8-19A244027157}"
EndProject
Project("{FAE04EC0-301F-11D3-BF4B-00C04F79EFBC}") = "Tulpep.NetworkAutoSwitch.DebugConsole", "Tulpep.NetworkAutoSwitch.DebugConsole\Tulpep.NetworkAutoSwitch.DebugConsole.csproj", "{8C4227C4-5B8F-4573-9F97-D77C049FDCE3}"
EndProject
Project("{FAE04EC0-301F-11D3-BF4B-00C04F79EFBC}") = "Tulpep.NetworkAutoSwitch.Logic", "Tulpep.NetworkAutoSwitch.Logic\Tulpep.NetworkAutoSwitch.Logic.csproj", "{A63BF6A6-0A68-44E4-A35A-994407F173DE}"
EndProject
Global
	GlobalSection(SolutionConfigurationPlatforms) = preSolution
		Debug|Any CPU = Debug|Any CPU
		Release|Any CPU = Release|Any CPU
	EndGlobalSection
	GlobalSection(ProjectConfigurationPlatforms) = postSolution
		{C21510B8-4125-4501-91F8-19A244027157}.Debug|Any CPU.ActiveCfg = Debug|Any CPU
		{C21510B8-4125-4501-91F8-19A244027157}.Debug|Any CPU.Build.0 = Debug|Any CPU
		{C21510B8-4125-4501-91F8-19A244027157}.Release|Any CPU.ActiveCfg = Release|Any CPU
		{C21510B8-4125-4501-91F8-19A244027157}.Release|Any CPU.Build.0 = Release|Any CPU
		{8C4227C4-5B8F-4573-9F97-D77C049FDCE3}.Debug|Any CPU.ActiveCfg = Debug|Any CPU
		{8C4227C4-5B8F-4573-9F97-D77C049FDCE3}.Debug|Any CPU.Build.0 = Debug|Any CPU
		{8C4227C4-5B8F-4573-9F97-D77C049FDCE3}.Release|Any CPU.ActiveCfg = Release|Any CPU
		{8C4227C4-5B8F-4573-9F97-D77C049FDCE3}.Release|Any CPU.Build.0 = Release|Any CPU
		{A63BF6A6-0A68-44E4-A35A-994407F173DE}.Debug|Any CPU.ActiveCfg = Debug|Any CPU
		{A63BF6A6-0A68-44E4-A35A-994407F173DE}.Debug|Any CPU.Build.0 = Debug|Any CPU
		{A63BF6A6-0A68-44E4-A35A-994407F173DE}.Release|Any CPU.ActiveCfg = Release|Any CPU
		{A63BF6A6-0A68-44E4-A35A-994407F173DE}.Release|Any CPU.Build.0 = Release|Any CPU
	EndGlobalSection
	GlobalSection(SolutionProperties) = preSolution
		HideSolutionNode = FALSE
	EndGlobalSection
EndGlobal
